
Microsoft Visual Studio Solution File, Format Version 12.00
#
Project("{FAE04EC0-301F-11D3-BF4B-00C04F79EFBC}") = "Presentation", "Presentation\Presentation.csproj", "{0861B97C-6B56-4E8C-9883-562580993498}"
EndProject
Project("{2150E333-8FDC-42A3-9474-1A3956D46DE8}") = "Solution Items", "Solution Items", "{A8B4C159-E54F-4D24-81A5-95BC022A6FE4}"
	ProjectSection(SolutionItems) = preProject
		compose.yaml = compose.yaml
	EndProjectSection
EndProject
Project("{FAE04EC0-301F-11D3-BF4B-00C04F79EFBC}") = "Domain", "Domain\Domain.csproj", "{BC8DD958-3660-49B0-9C3E-07EA39E2A083}"
EndProject
Project("{FAE04EC0-301F-11D3-BF4B-00C04F79EFBC}") = "Application", "Application\Application.csproj", "{F3BF842C-C935-476C-A87B-D617C3EFBFD2}"
EndProject
Project("{FAE04EC0-301F-11D3-BF4B-00C04F79EFBC}") = "Infrastructure", "Infrastructure\Infrastructure.csproj", "{350D8E16-C6DA-4C26-8EA6-0FFCC5ECA9F7}"
EndProject
Project("{FAE04EC0-301F-11D3-BF4B-00C04F79EFBC}") = "Tests", "Tests\Tests.csproj", "{5C4B4F53-31A3-40F3-94C8-4975A4E6F932}"
EndProject
Global
	GlobalSection(SolutionConfigurationPlatforms) = preSolution
		Debug|Any CPU = Debug|Any CPU
		Release|Any CPU = Release|Any CPU
	EndGlobalSection
	GlobalSection(ProjectConfigurationPlatforms) = postSolution
		{0861B97C-6B56-4E8C-9883-562580993498}.Debug|Any CPU.ActiveCfg = Debug|Any CPU
		{0861B97C-6B56-4E8C-9883-562580993498}.Debug|Any CPU.Build.0 = Debug|Any CPU
		{0861B97C-6B56-4E8C-9883-562580993498}.Release|Any CPU.ActiveCfg = Release|Any CPU
		{0861B97C-6B56-4E8C-9883-562580993498}.Release|Any CPU.Build.0 = Release|Any CPU
		{BC8DD958-3660-49B0-9C3E-07EA39E2A083}.Debug|Any CPU.ActiveCfg = Debug|Any CPU
		{BC8DD958-3660-49B0-9C3E-07EA39E2A083}.Debug|Any CPU.Build.0 = Debug|Any CPU
		{BC8DD958-3660-49B0-9C3E-07EA39E2A083}.Release|Any CPU.ActiveCfg = Release|Any CPU
		{BC8DD958-3660-49B0-9C3E-07EA39E2A083}.Release|Any CPU.Build.0 = Release|Any CPU
		{F3BF842C-C935-476C-A87B-D617C3EFBFD2}.Debug|Any CPU.ActiveCfg = Debug|Any CPU
		{F3BF842C-C935-476C-A87B-D617C3EFBFD2}.Debug|Any CPU.Build.0 = Debug|Any CPU
		{F3BF842C-C935-476C-A87B-D617C3EFBFD2}.Release|Any CPU.ActiveCfg = Release|Any CPU
		{F3BF842C-C935-476C-A87B-D617C3EFBFD2}.Release|Any CPU.Build.0 = Release|Any CPU
		{350D8E16-C6DA-4C26-8EA6-0FFCC5ECA9F7}.Debug|Any CPU.ActiveCfg = Debug|Any CPU
		{350D8E16-C6DA-4C26-8EA6-0FFCC5ECA9F7}.Debug|Any CPU.Build.0 = Debug|Any CPU
		{350D8E16-C6DA-4C26-8EA6-0FFCC5ECA9F7}.Release|Any CPU.ActiveCfg = Release|Any CPU
		{350D8E16-C6DA-4C26-8EA6-0FFCC5ECA9F7}.Release|Any CPU.Build.0 = Release|Any CPU
		{5C4B4F53-31A3-40F3-94C8-4975A4E6F932}.Debug|Any CPU.ActiveCfg = Debug|Any CPU
		{5C4B4F53-31A3-40F3-94C8-4975A4E6F932}.Debug|Any CPU.Build.0 = Debug|Any CPU
		{5C4B4F53-31A3-40F3-94C8-4975A4E6F932}.Release|Any CPU.ActiveCfg = Release|Any CPU
		{5C4B4F53-31A3-40F3-94C8-4975A4E6F932}.Release|Any CPU.Build.0 = Release|Any CPU
	EndGlobalSection
EndGlobal
